
Microsoft Visual Studio Solution File, Format Version 12.00
# Visual Studio Version 16
VisualStudioVersion = 16.0.810.16
MinimumVisualStudioVersion = 10.0.40219.1
Project("{FAE04EC0-301F-11D3-BF4B-00C04F79EFBC}") = "bowling", "bowling\bowling.csproj", "{8190B4D7-4A07-4502-A874-8F729CB46FFE}"
EndProject
Global
	GlobalSection(SolutionConfigurationPlatforms) = preSolution
		Debug|Any CPU = Debug|Any CPU
		Release|Any CPU = Release|Any CPU
	EndGlobalSection
	GlobalSection(ProjectConfigurationPlatforms) = postSolution
		{8190B4D7-4A07-4502-A874-8F729CB46FFE}.Debug|Any CPU.ActiveCfg = Debug|Any CPU
		{8190B4D7-4A07-4502-A874-8F729CB46FFE}.Debug|Any CPU.Build.0 = Debug|Any CPU
		{8190B4D7-4A07-4502-A874-8F729CB46FFE}.Release|Any CPU.ActiveCfg = Release|Any CPU
		{8190B4D7-4A07-4502-A874-8F729CB46FFE}.Release|Any CPU.Build.0 = Release|Any CPU
	EndGlobalSection
	GlobalSection(SolutionProperties) = preSolution
		HideSolutionNode = FALSE
	EndGlobalSection
	GlobalSection(ExtensibilityGlobals) = postSolution
		SolutionGuid = {145DF82D-8A1E-45C5-AEB4-BEE52CB878F7}
	EndGlobalSection
EndGlobal
